<?xml version="1.0" encoding="utf-8"?>
<Project ToolsVersion="4.0" xmlns="http://schemas.microsoft.com/developer/msbuild/2003">
  <ItemGroup>
    <Filter Include="源文件">
      <UniqueIdentifier>{4FC737F1-C7A5-4376-A066-2A32D752A2FF}</UniqueIdentifier>
      <Extensions>cpp;c;cc;cxx;c++;cppm;ixx;def;odl;idl;hpj;bat;asm;asmx</Extensions>
    </Filter>
    <Filter Include="头文件">
      <UniqueIdentifier>{93995380-89BD-4b04-88EB-625FBE52EBFB}</UniqueIdentifier>
      <Extensions>h;hh;hpp;hxx;h++;hm;inl;inc;ipp;xsd</Extensions>
    </Filter>
    <Filter Include="资源文件">
      <UniqueIdentifier>{67DA6AB6-F800-4c08-8B7A-83BB121AAD01}</UniqueIdentifier>
      <Extensions>rc;ico;cur;bmp;dlg;rc2;rct;bin;rgs;gif;jpg;jpeg;jpe;resx;tiff;tif;png;wav;mfcribbon-ms</Extensions>
    </Filter>
  </ItemGroup>
  <ItemGroup>
    <ClCompile Include="8.1已知数组a中放了5个整数，输出最大值.c">
      <Filter>源文件</Filter>
    </ClCompile>
    <ClCompile Include="8.2不同类型指针变量的长度.c">
      <Filter>源文件</Filter>
    </ClCompile>
    <ClCompile Include="8.3访问指针所指变量示例.c">
      <Filter>源文件</Filter>
    </ClCompile>
    <ClCompile Include="8.4以间接访问和交换指针的方式输出两个数的大小关系与两个数的和.c">
      <Filter>源文件</Filter>
    </ClCompile>
    <ClCompile Include="8.5指针作为形参的函数调用.c">
      <Filter>源文件</Filter>
    </ClCompile>
    <ClCompile Include="8.6实现两个变量的交换.c">
      <Filter>源文件</Filter>
    </ClCompile>
    <ClCompile Include="8.7求一维数组的最大值，要求用返回指针的函数实现.c">
      <Filter>源文件</Filter>
    </ClCompile>
    <ClCompile Include="8.8指向函数的指针和指向函数的指针数组.c">
      <Filter>源文件</Filter>
    </ClCompile>
    <ClCompile Include="8.9访问数组元素的四种等价方法.c">
      <Filter>源文件</Filter>
    </ClCompile>
    <ClCompile Include="8.10移动指针访问数组元素.c">
      <Filter>源文件</Filter>
    </ClCompile>
    <ClCompile Include="8.11用二维数组的名的方式访问的常见方式.c">
      <Filter>源文件</Filter>
    </ClCompile>
    <ClCompile Include="8.12以访问一维数组的方式访问二维数组.c">
      <Filter>源文件</Filter>
    </ClCompile>
    <ClCompile Include="8.13行指针变量访问二维数组.c">
      <Filter>源文件</Filter>
    </ClCompile>
    <ClCompile Include="8.14移动行指针访问二维数组元素.c">
      <Filter>源文件</Filter>
    </ClCompile>
    <ClCompile Include="8.15有5位同学，每日有三门成绩，计算机每个同学的总成绩与平均成绩,查找一门及一门以上课程不及格的同学，输出全部成绩.c">
      <Filter>源文件</Filter>
    </ClCompile>
    <ClCompile Include="8.16使用指针与下标的方式访问字符串.c">
      <Filter>源文件</Filter>
    </ClCompile>
    <ClCompile Include="8.17将字符串”a1a2a3a4“中的a替换为”b“.c">
      <Filter>源文件</Filter>
    </ClCompile>
    <ClCompile Include="8.18将26个英文字母没10行输出一个.c">
      <Filter>源文件</Filter>
    </ClCompile>
    <ClCompile Include="8.19二级指针应用.c">
      <Filter>源文件</Filter>
    </ClCompile>
    <ClCompile Include="8.20使用指针数组表示多个字符.c">
      <Filter>源文件</Filter>
    </ClCompile>
    <ClCompile Include="8.21main函数的参数示例.c">
      <Filter>源文件</Filter>
    </ClCompile>
    <ClCompile Include="8.22编写程序验证.c">
      <Filter>源文件</Filter>
    </ClCompile>
    <ClCompile Include="8.23使用指针实现常见排序.c">
      <Filter>源文件</Filter>
    </ClCompile>
    <ClCompile Include="输出最近0度的温度.c">
      <Filter>源文件</Filter>
    </ClCompile>
    <ClCompile Include="8.24有n个数，编写程序使其顺序向后移m个位置,使后面的m个数变成前面的m个数.c">
      <Filter>源文件</Filter>
    </ClCompile>
    <ClCompile Include="8.25将5个单词从小到大排列后输出.c">
      <Filter>源文件</Filter>
    </ClCompile>
  </ItemGroup>
</Project>