<?xml version="1.0" encoding="utf-8"?>
<Project ToolsVersion="4.0" xmlns="http://schemas.microsoft.com/developer/msbuild/2003">
  <ItemGroup>
    <Filter Include="源文件">
      <UniqueIdentifier>{4FC737F1-C7A5-4376-A066-2A32D752A2FF}</UniqueIdentifier>
      <Extensions>cpp;c;cc;cxx;c++;cppm;ixx;def;odl;idl;hpj;bat;asm;asmx</Extensions>
    </Filter>
    <Filter Include="头文件">
      <UniqueIdentifier>{93995380-89BD-4b04-88EB-625FBE52EBFB}</UniqueIdentifier>
      <Extensions>h;hh;hpp;hxx;h++;hm;inl;inc;ipp;xsd</Extensions>
    </Filter>
    <Filter Include="资源文件">
      <UniqueIdentifier>{67DA6AB6-F800-4c08-8B7A-83BB121AAD01}</UniqueIdentifier>
      <Extensions>rc;ico;cur;bmp;dlg;rc2;rct;bin;rgs;gif;jpg;jpeg;jpe;resx;tiff;tif;png;wav;mfcribbon-ms</Extensions>
    </Filter>
  </ItemGroup>
  <ItemGroup>
    <ClCompile Include="1.1输出两个整数的最大值.c">
      <Filter>源文件</Filter>
    </ClCompile>
    <ClCompile Include="2.1打印提示字符.c">
      <Filter>源文件</Filter>
    </ClCompile>
    <ClCompile Include="2.2输入半径分别输出球的体积和表面积.c">
      <Filter>源文件</Filter>
    </ClCompile>
    <ClCompile Include="2.3转义字符的使用.c">
      <Filter>源文件</Filter>
    </ClCompile>
    <ClCompile Include="2.5利用符合常量计算价格.c">
      <Filter>源文件</Filter>
    </ClCompile>
    <ClCompile Include="2.6变量使用示例.c">
      <Filter>源文件</Filter>
    </ClCompile>
    <ClCompile Include="2.7不同类型整型变量的定义与使用.c">
      <Filter>源文件</Filter>
    </ClCompile>
    <ClCompile Include="2.8短整型变量的溢出.c">
      <Filter>源文件</Filter>
    </ClCompile>
    <ClCompile Include="2.9实型变量的使用.c">
      <Filter>源文件</Filter>
    </ClCompile>
    <ClCompile Include="2.10字符型变量的使用.c">
      <Filter>源文件</Filter>
    </ClCompile>
    <ClCompile Include="2.11把大写字母换成小写字母.c">
      <Filter>源文件</Filter>
    </ClCompile>
    <ClCompile Include="2.13输入一个3位正整数，输出其反序数.c">
      <Filter>源文件</Filter>
    </ClCompile>
    <ClCompile Include="2.14逗号表达式的应用.c">
      <Filter>源文件</Filter>
    </ClCompile>
    <ClCompile Include="2.15求不同数据类型字节数.c">
      <Filter>源文件</Filter>
    </ClCompile>
    <ClCompile Include="2.16求字节数运算符.c">
      <Filter>源文件</Filter>
    </ClCompile>
    <ClCompile Include="2.18强制类型转化.c">
      <Filter>源文件</Filter>
    </ClCompile>
  </ItemGroup>
</Project>